# THIS IS AN AUTOGENERATED FILE. DO NOT EDIT THIS FILE DIRECTLY.
# yarn lockfile v1


fp-ts-contrib@^0.1.26:
  version "0.1.26"
  resolved "https://registry.yarnpkg.com/fp-ts-contrib/-/fp-ts-contrib-0.1.26.tgz#b6f09f0dd7032197c3be3dceb2a49628a1ab464a"
  integrity sha512-gi0COTH1xmN0dS9Vc2rgAmotQy8ab4z7CEVRhXxRNMhiuEEMx/Mvd0eLqAiV+hQZjI8xQct00w4Ywwacak35dA==

fp-ts@^2.11.5:
  version "2.11.5"
  resolved "https://registry.yarnpkg.com/fp-ts/-/fp-ts-2.11.5.tgz#97cceb26655b1452d7088d6fb0864f84cceffbe4"
  integrity sha512-OqlwJq1BdpB83BZXTqI+dNcA6uYk6qk4u9Cgnt64Y+XS7dwdbp/mobx8S2KXf2AXH+scNmA/UVK3SEFHR3vHZA==

graphics-ts@^1.1.0:
  version "1.1.0"
  resolved "https://registry.yarnpkg.com/graphics-ts/-/graphics-ts-1.1.0.tgz#2b15fea5a82fad9ace9de471a36a081b77556906"
  integrity sha512-d0cfDPVvoPGchjsr/shrs3QhChUJG3InWCvNuqkRz+JRRVk5BgJ3xHNsuqbVGVzPR0qKhGtC2qhwDhCo9hPonw==

io-ts@^2.2.16:
  version "2.2.16"
  resolved "https://registry.yarnpkg.com/io-ts/-/io-ts-2.2.16.tgz#597dffa03db1913fc318c9c6df6931cb4ed808b2"
  integrity sha512-y5TTSa6VP6le0hhmIyN0dqEXkrZeJLeC5KApJq6VLci3UEKF80lZ+KuoUs02RhBxNWlrqSNxzfI7otLX1Euv8Q==

typescript@^4.5.2:
  version "4.5.2"
  resolved "https://registry.yarnpkg.com/typescript/-/typescript-4.5.2.tgz#8ac1fba9f52256fdb06fb89e4122fa6a346c2998"
  integrity sha512-5BlMof9H1yGt0P8/WF+wPNw6GfctgGjXp5hkblpyT+8rkASSmkUKMXrxR0Xg8ThVCi/JnHQiKXeBaEwCeQwMFw==
